
Microsoft Visual Studio Solution File, Format Version 12.00
Project("{FAE04EC0-301F-11D3-BF4B-00C04F79EFBC}") = "Siren.Domain", "Siren.Domain\Siren.Domain.csproj", "{320D89FF-0A57-4B83-8C92-A55A6FCD22C4}"
EndProject
Project("{FAE04EC0-301F-11D3-BF4B-00C04F79EFBC}") = "Siren.Infrastructure.Mermaid", "Siren.Infrastructure.Mermaid\Siren.Infrastructure.Mermaid.csproj", "{8EAC3B7B-4F18-4418-9855-9A989C2C2D12}"
EndProject
Project("{FAE04EC0-301F-11D3-BF4B-00C04F79EFBC}") = "Siren.Tests.Unit", "Siren.Tests.Unit\Siren.Tests.Unit.csproj", "{F92FF1EE-6379-429E-9467-39A160EB2805}"
EndProject
Project("{FAE04EC0-301F-11D3-BF4B-00C04F79EFBC}") = "Siren.Infrastructure.Poco", "Siren.Infrastructure.Poco\Siren.Infrastructure.Poco.csproj", "{61945366-55C9-47A3-833D-6995C9983717}"
EndProject
Project("{FAE04EC0-301F-11D3-BF4B-00C04F79EFBC}") = "Siren.Tests.Domain", "Siren.Tests.Domain\Siren.Tests.Domain.csproj", "{945DFE5E-6ECA-493E-80EE-1690234E1D90}"
EndProject
Project("{FAE04EC0-301F-11D3-BF4B-00C04F79EFBC}") = "Siren.Tool", "Siren.Tool\Siren.Tool.csproj", "{FDECB1A2-8F38-4938-A8CE-D361A581C19F}"
EndProject
Project("{FAE04EC0-301F-11D3-BF4B-00C04F79EFBC}") = "System.Infrastructure.Io", "System.Infrastructure.Io\System.Infrastructure.Io.csproj", "{64DEC86E-29E9-4FB9-BE18-19B320D43B1B}"
EndProject
Global
	GlobalSection(SolutionConfigurationPlatforms) = preSolution
		Debug|Any CPU = Debug|Any CPU
		Release|Any CPU = Release|Any CPU
	EndGlobalSection
	GlobalSection(ProjectConfigurationPlatforms) = postSolution
		{320D89FF-0A57-4B83-8C92-A55A6FCD22C4}.Debug|Any CPU.ActiveCfg = Debug|Any CPU
		{320D89FF-0A57-4B83-8C92-A55A6FCD22C4}.Debug|Any CPU.Build.0 = Debug|Any CPU
		{320D89FF-0A57-4B83-8C92-A55A6FCD22C4}.Release|Any CPU.ActiveCfg = Release|Any CPU
		{320D89FF-0A57-4B83-8C92-A55A6FCD22C4}.Release|Any CPU.Build.0 = Release|Any CPU
		{8EAC3B7B-4F18-4418-9855-9A989C2C2D12}.Debug|Any CPU.ActiveCfg = Debug|Any CPU
		{8EAC3B7B-4F18-4418-9855-9A989C2C2D12}.Debug|Any CPU.Build.0 = Debug|Any CPU
		{8EAC3B7B-4F18-4418-9855-9A989C2C2D12}.Release|Any CPU.ActiveCfg = Release|Any CPU
		{8EAC3B7B-4F18-4418-9855-9A989C2C2D12}.Release|Any CPU.Build.0 = Release|Any CPU
		{F92FF1EE-6379-429E-9467-39A160EB2805}.Debug|Any CPU.ActiveCfg = Debug|Any CPU
		{F92FF1EE-6379-429E-9467-39A160EB2805}.Debug|Any CPU.Build.0 = Debug|Any CPU
		{F92FF1EE-6379-429E-9467-39A160EB2805}.Release|Any CPU.ActiveCfg = Release|Any CPU
		{F92FF1EE-6379-429E-9467-39A160EB2805}.Release|Any CPU.Build.0 = Release|Any CPU
		{61945366-55C9-47A3-833D-6995C9983717}.Debug|Any CPU.ActiveCfg = Debug|Any CPU
		{61945366-55C9-47A3-833D-6995C9983717}.Debug|Any CPU.Build.0 = Debug|Any CPU
		{61945366-55C9-47A3-833D-6995C9983717}.Release|Any CPU.ActiveCfg = Release|Any CPU
		{61945366-55C9-47A3-833D-6995C9983717}.Release|Any CPU.Build.0 = Release|Any CPU
		{945DFE5E-6ECA-493E-80EE-1690234E1D90}.Debug|Any CPU.ActiveCfg = Debug|Any CPU
		{945DFE5E-6ECA-493E-80EE-1690234E1D90}.Debug|Any CPU.Build.0 = Debug|Any CPU
		{945DFE5E-6ECA-493E-80EE-1690234E1D90}.Release|Any CPU.ActiveCfg = Release|Any CPU
		{945DFE5E-6ECA-493E-80EE-1690234E1D90}.Release|Any CPU.Build.0 = Release|Any CPU
		{FDECB1A2-8F38-4938-A8CE-D361A581C19F}.Debug|Any CPU.ActiveCfg = Debug|Any CPU
		{FDECB1A2-8F38-4938-A8CE-D361A581C19F}.Debug|Any CPU.Build.0 = Debug|Any CPU
		{FDECB1A2-8F38-4938-A8CE-D361A581C19F}.Release|Any CPU.ActiveCfg = Release|Any CPU
		{FDECB1A2-8F38-4938-A8CE-D361A581C19F}.Release|Any CPU.Build.0 = Release|Any CPU
		{64DEC86E-29E9-4FB9-BE18-19B320D43B1B}.Debug|Any CPU.ActiveCfg = Debug|Any CPU
		{64DEC86E-29E9-4FB9-BE18-19B320D43B1B}.Debug|Any CPU.Build.0 = Debug|Any CPU
		{64DEC86E-29E9-4FB9-BE18-19B320D43B1B}.Release|Any CPU.ActiveCfg = Release|Any CPU
		{64DEC86E-29E9-4FB9-BE18-19B320D43B1B}.Release|Any CPU.Build.0 = Release|Any CPU
	EndGlobalSection
EndGlobal
